// !$*UTF8*$!
{
	archiveVersion = 1;
	classes = {
	};
	objectVersion = 56;
	objects = {

/* Begin PBXBuildFile section */
		700C75202A807C0F00D0C21A /* PortfolioTests.swift in Sources */ = {isa = PBXBuildFile; fileRef = 700C751F2A807C0F00D0C21A /* PortfolioTests.swift */; };
		700C75272A807D5A00D0C21A /* AssetTests.swift in Sources */ = {isa = PBXBuildFile; fileRef = 700C75262A807D5A00D0C21A /* AssetTests.swift */; };
		700C752A2A80888200D0C21A /* TagTests.swift in Sources */ = {isa = PBXBuildFile; fileRef = 700C75292A80888200D0C21A /* TagTests.swift */; };
		700C752E2A80AF7600D0C21A /* DevelopmentTests.swift in Sources */ = {isa = PBXBuildFile; fileRef = 700C752D2A80AF7600D0C21A /* DevelopmentTests.swift */; };
		700C75302A80BCB000D0C21A /* ExtensionTests.swift in Sources */ = {isa = PBXBuildFile; fileRef = 700C752F2A80BCB000D0C21A /* ExtensionTests.swift */; };
		701AF81C2A69211C005023A7 /* PortfolioApp.swift in Sources */ = {isa = PBXBuildFile; fileRef = 701AF81B2A69211C005023A7 /* PortfolioApp.swift */; };
		701AF81E2A69211C005023A7 /* ContentView.swift in Sources */ = {isa = PBXBuildFile; fileRef = 701AF81D2A69211C005023A7 /* ContentView.swift */; };
		701AF8202A69211D005023A7 /* Assets.xcassets in Resources */ = {isa = PBXBuildFile; fileRef = 701AF81F2A69211D005023A7 /* Assets.xcassets */; };
		701AF8242A69211D005023A7 /* Preview Assets.xcassets in Resources */ = {isa = PBXBuildFile; fileRef = 701AF8232A69211D005023A7 /* Preview Assets.xcassets */; };
		701AF82C2A692588005023A7 /* Main.xcdatamodeld in Sources */ = {isa = PBXBuildFile; fileRef = 701AF82A2A692588005023A7 /* Main.xcdatamodeld */; };
		701AF82E2A6975A3005023A7 /* DataController.swift in Sources */ = {isa = PBXBuildFile; fileRef = 701AF82D2A6975A3005023A7 /* DataController.swift */; };
		701AF8312A6A2BDD005023A7 /* SidebarView.swift in Sources */ = {isa = PBXBuildFile; fileRef = 701AF8302A6A2BDD005023A7 /* SidebarView.swift */; };
		701AF8332A6A2BE2005023A7 /* DetailView.swift in Sources */ = {isa = PBXBuildFile; fileRef = 701AF8322A6A2BE2005023A7 /* DetailView.swift */; };
		701AF8352A6A2F96005023A7 /* Filter.swift in Sources */ = {isa = PBXBuildFile; fileRef = 701AF8342A6A2F96005023A7 /* Filter.swift */; };
		701AF8372A6ACE71005023A7 /* Issue-CoreDataHelpers.swift in Sources */ = {isa = PBXBuildFile; fileRef = 701AF8362A6ACE71005023A7 /* Issue-CoreDataHelpers.swift */; };
		701AF8392A6B5620005023A7 /* Tag-CoreDataHelpers.swift in Sources */ = {isa = PBXBuildFile; fileRef = 701AF8382A6B5620005023A7 /* Tag-CoreDataHelpers.swift */; };
		703116722A7B8C40005B35F8 /* Localizable.stringsdict in Resources */ = {isa = PBXBuildFile; fileRef = 703116712A7B8C40005B35F8 /* Localizable.stringsdict */; };
		703116732A7BA397005B35F8 /* Localizable.strings in Resources */ = {isa = PBXBuildFile; fileRef = 703116752A7BA397005B35F8 /* Localizable.strings */; };
		703116772A7BA55A005B35F8 /* Awards.json in Resources */ = {isa = PBXBuildFile; fileRef = 703116792A7BA55A005B35F8 /* Awards.json */; };
		7031167C2A7BF869005B35F8 /* SidebarViewToolbar.swift in Sources */ = {isa = PBXBuildFile; fileRef = 7031167B2A7BF869005B35F8 /* SidebarViewToolbar.swift */; };
		7031167E2A7C8ECD005B35F8 /* IssueViewToolbar.swift in Sources */ = {isa = PBXBuildFile; fileRef = 7031167D2A7C8ECD005B35F8 /* IssueViewToolbar.swift */; };
		703116802A7C9138005B35F8 /* ContentViewToolbar.swift in Sources */ = {isa = PBXBuildFile; fileRef = 7031167F2A7C9138005B35F8 /* ContentViewToolbar.swift */; };
		703116822A7C98BB005B35F8 /* TagsMenuView.swift in Sources */ = {isa = PBXBuildFile; fileRef = 703116812A7C98BB005B35F8 /* TagsMenuView.swift */; };
		703116842A7CA061005B35F8 /* SmartFilterRow.swift in Sources */ = {isa = PBXBuildFile; fileRef = 703116832A7CA061005B35F8 /* SmartFilterRow.swift */; };
		703116862A7CA295005B35F8 /* UserFilterRow.swift in Sources */ = {isa = PBXBuildFile; fileRef = 703116852A7CA295005B35F8 /* UserFilterRow.swift */; };
		7039DD442A6E171200626306 /* IssueRow.swift in Sources */ = {isa = PBXBuildFile; fileRef = 7039DD432A6E171200626306 /* IssueRow.swift */; };
		7039DD462A6E49CF00626306 /* IssueView.swift in Sources */ = {isa = PBXBuildFile; fileRef = 7039DD452A6E49CF00626306 /* IssueView.swift */; };
		7039DD482A6E49D700626306 /* NoIssueView.swift in Sources */ = {isa = PBXBuildFile; fileRef = 7039DD472A6E49D700626306 /* NoIssueView.swift */; };
		7039DD4D2A75585C00626306 /* Bundle-Decodable.swift in Sources */ = {isa = PBXBuildFile; fileRef = 7039DD4C2A75585C00626306 /* Bundle-Decodable.swift */; };
		7039DD512A7563DC00626306 /* Award.swift in Sources */ = {isa = PBXBuildFile; fileRef = 7039DD502A7563DC00626306 /* Award.swift */; };
		7039DD532A75647900626306 /* AwardsView.swift in Sources */ = {isa = PBXBuildFile; fileRef = 7039DD522A75647900626306 /* AwardsView.swift */; };
		70ABC3BF2A80DE3500277D06 /* DecodableString.json in Resources */ = {isa = PBXBuildFile; fileRef = 700C75332A80CE9900D0C21A /* DecodableString.json */; };
		70ABC3C02A80DE3900277D06 /* DecodableDictionary.json in Resources */ = {isa = PBXBuildFile; fileRef = 700C75322A80CE5C00D0C21A /* DecodableDictionary.json */; };
		70ABC3C22A80E92400277D06 /* PerformanceTests.swift in Sources */ = {isa = PBXBuildFile; fileRef = 70ABC3C12A80E92400277D06 /* PerformanceTests.swift */; };
		70ABC3CA2A81371D00277D06 /* PortfolioUITests.swift in Sources */ = {isa = PBXBuildFile; fileRef = 70ABC3C92A81371D00277D06 /* PortfolioUITests.swift */; };
		70ABC3D32A835F2000277D06 /* AwardTests.swift in Sources */ = {isa = PBXBuildFile; fileRef = 70ABC3D22A835F2000277D06 /* AwardTests.swift */; };
/* End PBXBuildFile section */

/* Begin PBXContainerItemProxy section */
		700C75212A807C0F00D0C21A /* PBXContainerItemProxy */ = {
			isa = PBXContainerItemProxy;
			containerPortal = 701AF8102A69211C005023A7 /* Project object */;
			proxyType = 1;
			remoteGlobalIDString = 701AF8172A69211C005023A7;
			remoteInfo = Portfolio;
		};
		70ABC3CD2A81371D00277D06 /* PBXContainerItemProxy */ = {
			isa = PBXContainerItemProxy;
			containerPortal = 701AF8102A69211C005023A7 /* Project object */;
			proxyType = 1;
			remoteGlobalIDString = 701AF8172A69211C005023A7;
			remoteInfo = Portfolio;
		};
/* End PBXContainerItemProxy section */

/* Begin PBXFileReference section */
		700C751D2A807C0F00D0C21A /* PortfolioTests.xctest */ = {isa = PBXFileReference; explicitFileType = wrapper.cfbundle; includeInIndex = 0; path = PortfolioTests.xctest; sourceTree = BUILT_PRODUCTS_DIR; };
		700C751F2A807C0F00D0C21A /* PortfolioTests.swift */ = {isa = PBXFileReference; lastKnownFileType = sourcecode.swift; path = PortfolioTests.swift; sourceTree = "<group>"; };
		700C75262A807D5A00D0C21A /* AssetTests.swift */ = {isa = PBXFileReference; lastKnownFileType = sourcecode.swift; path = AssetTests.swift; sourceTree = "<group>"; };
		700C75282A807E3800D0C21A /* TestPlan.xctestplan */ = {isa = PBXFileReference; lastKnownFileType = text; path = TestPlan.xctestplan; sourceTree = "<group>"; };
		700C75292A80888200D0C21A /* TagTests.swift */ = {isa = PBXFileReference; lastKnownFileType = sourcecode.swift; name = TagTests.swift; path = Portfolio/Extensions/TagTests.swift; sourceTree = SOURCE_ROOT; };
		700C752D2A80AF7600D0C21A /* DevelopmentTests.swift */ = {isa = PBXFileReference; lastKnownFileType = sourcecode.swift; name = DevelopmentTests.swift; path = Portfolio/DevelopmentTests.swift; sourceTree = SOURCE_ROOT; };
		700C752F2A80BCB000D0C21A /* ExtensionTests.swift */ = {isa = PBXFileReference; lastKnownFileType = sourcecode.swift; path = ExtensionTests.swift; sourceTree = "<group>"; };
		700C75322A80CE5C00D0C21A /* DecodableDictionary.json */ = {isa = PBXFileReference; lastKnownFileType = text.json; path = DecodableDictionary.json; sourceTree = "<group>"; };
		700C75332A80CE9900D0C21A /* DecodableString.json */ = {isa = PBXFileReference; lastKnownFileType = text.json; path = DecodableString.json; sourceTree = "<group>"; };
		701AF8182A69211C005023A7 /* Portfolio.app */ = {isa = PBXFileReference; explicitFileType = wrapper.application; includeInIndex = 0; path = Portfolio.app; sourceTree = BUILT_PRODUCTS_DIR; };
		701AF81B2A69211C005023A7 /* PortfolioApp.swift */ = {isa = PBXFileReference; lastKnownFileType = sourcecode.swift; path = PortfolioApp.swift; sourceTree = "<group>"; };
		701AF81D2A69211C005023A7 /* ContentView.swift */ = {isa = PBXFileReference; lastKnownFileType = sourcecode.swift; path = ContentView.swift; sourceTree = "<group>"; };
		701AF81F2A69211D005023A7 /* Assets.xcassets */ = {isa = PBXFileReference; lastKnownFileType = folder.assetcatalog; path = Assets.xcassets; sourceTree = "<group>"; };
		701AF8212A69211D005023A7 /* Portfolio.entitlements */ = {isa = PBXFileReference; lastKnownFileType = text.plist.entitlements; path = Portfolio.entitlements; sourceTree = "<group>"; };
		701AF8232A69211D005023A7 /* Preview Assets.xcassets */ = {isa = PBXFileReference; lastKnownFileType = folder.assetcatalog; path = "Preview Assets.xcassets"; sourceTree = "<group>"; };
		701AF82B2A692588005023A7 /* Main.xcdatamodel */ = {isa = PBXFileReference; lastKnownFileType = wrapper.xcdatamodel; path = Main.xcdatamodel; sourceTree = "<group>"; };
		701AF82D2A6975A3005023A7 /* DataController.swift */ = {isa = PBXFileReference; lastKnownFileType = sourcecode.swift; path = DataController.swift; sourceTree = "<group>"; };
		701AF82F2A698757005023A7 /* Info.plist */ = {isa = PBXFileReference; lastKnownFileType = text.plist.xml; path = Info.plist; sourceTree = "<group>"; };
		701AF8302A6A2BDD005023A7 /* SidebarView.swift */ = {isa = PBXFileReference; lastKnownFileType = sourcecode.swift; path = SidebarView.swift; sourceTree = "<group>"; };
		701AF8322A6A2BE2005023A7 /* DetailView.swift */ = {isa = PBXFileReference; lastKnownFileType = sourcecode.swift; path = DetailView.swift; sourceTree = "<group>"; };
		701AF8342A6A2F96005023A7 /* Filter.swift */ = {isa = PBXFileReference; lastKnownFileType = sourcecode.swift; path = Filter.swift; sourceTree = "<group>"; };
		701AF8362A6ACE71005023A7 /* Issue-CoreDataHelpers.swift */ = {isa = PBXFileReference; lastKnownFileType = sourcecode.swift; path = "Issue-CoreDataHelpers.swift"; sourceTree = "<group>"; };
		701AF8382A6B5620005023A7 /* Tag-CoreDataHelpers.swift */ = {isa = PBXFileReference; lastKnownFileType = sourcecode.swift; path = "Tag-CoreDataHelpers.swift"; sourceTree = "<group>"; };
		703116712A7B8C40005B35F8 /* Localizable.stringsdict */ = {isa = PBXFileReference; lastKnownFileType = text.plist.stringsdict; path = Localizable.stringsdict; sourceTree = "<group>"; };
		703116742A7BA397005B35F8 /* en */ = {isa = PBXFileReference; lastKnownFileType = text.plist.strings; name = en; path = en.lproj/Localizable.strings; sourceTree = "<group>"; };
		703116762A7BA3F9005B35F8 /* ja */ = {isa = PBXFileReference; lastKnownFileType = text.plist.strings; name = ja; path = ja.lproj/Localizable.strings; sourceTree = "<group>"; };
		703116782A7BA55A005B35F8 /* en */ = {isa = PBXFileReference; lastKnownFileType = text.json; name = en; path = en.lproj/Awards.json; sourceTree = "<group>"; };
		7031167A2A7BA565005B35F8 /* ja */ = {isa = PBXFileReference; lastKnownFileType = text.json; name = ja; path = ja.lproj/Awards.json; sourceTree = "<group>"; };
		7031167B2A7BF869005B35F8 /* SidebarViewToolbar.swift */ = {isa = PBXFileReference; lastKnownFileType = sourcecode.swift; path = SidebarViewToolbar.swift; sourceTree = "<group>"; };
		7031167D2A7C8ECD005B35F8 /* IssueViewToolbar.swift */ = {isa = PBXFileReference; lastKnownFileType = sourcecode.swift; path = IssueViewToolbar.swift; sourceTree = "<group>"; };
		7031167F2A7C9138005B35F8 /* ContentViewToolbar.swift */ = {isa = PBXFileReference; lastKnownFileType = sourcecode.swift; path = ContentViewToolbar.swift; sourceTree = "<group>"; };
		703116812A7C98BB005B35F8 /* TagsMenuView.swift */ = {isa = PBXFileReference; lastKnownFileType = sourcecode.swift; path = TagsMenuView.swift; sourceTree = "<group>"; };
		703116832A7CA061005B35F8 /* SmartFilterRow.swift */ = {isa = PBXFileReference; lastKnownFileType = sourcecode.swift; path = SmartFilterRow.swift; sourceTree = "<group>"; };
		703116852A7CA295005B35F8 /* UserFilterRow.swift */ = {isa = PBXFileReference; lastKnownFileType = sourcecode.swift; path = UserFilterRow.swift; sourceTree = "<group>"; };
		7039DD432A6E171200626306 /* IssueRow.swift */ = {isa = PBXFileReference; lastKnownFileType = sourcecode.swift; path = IssueRow.swift; sourceTree = "<group>"; };
		7039DD452A6E49CF00626306 /* IssueView.swift */ = {isa = PBXFileReference; lastKnownFileType = sourcecode.swift; path = IssueView.swift; sourceTree = "<group>"; };
		7039DD472A6E49D700626306 /* NoIssueView.swift */ = {isa = PBXFileReference; lastKnownFileType = sourcecode.swift; path = NoIssueView.swift; sourceTree = "<group>"; };
		7039DD4C2A75585C00626306 /* Bundle-Decodable.swift */ = {isa = PBXFileReference; lastKnownFileType = sourcecode.swift; path = "Bundle-Decodable.swift"; sourceTree = "<group>"; };
		7039DD502A7563DC00626306 /* Award.swift */ = {isa = PBXFileReference; lastKnownFileType = sourcecode.swift; path = Award.swift; sourceTree = "<group>"; };
		7039DD522A75647900626306 /* AwardsView.swift */ = {isa = PBXFileReference; lastKnownFileType = sourcecode.swift; path = AwardsView.swift; sourceTree = "<group>"; };
		70ABC3C12A80E92400277D06 /* PerformanceTests.swift */ = {isa = PBXFileReference; lastKnownFileType = sourcecode.swift; path = PerformanceTests.swift; sourceTree = "<group>"; };
		70ABC3C72A81371D00277D06 /* PortfolioUITests.xctest */ = {isa = PBXFileReference; explicitFileType = wrapper.cfbundle; includeInIndex = 0; path = PortfolioUITests.xctest; sourceTree = BUILT_PRODUCTS_DIR; };
		70ABC3C92A81371D00277D06 /* PortfolioUITests.swift */ = {isa = PBXFileReference; lastKnownFileType = sourcecode.swift; path = PortfolioUITests.swift; sourceTree = "<group>"; };
		70ABC3D22A835F2000277D06 /* AwardTests.swift */ = {isa = PBXFileReference; fileEncoding = 4; lastKnownFileType = sourcecode.swift; name = AwardTests.swift; path = Portfolio/AwardsView/AwardTests.swift; sourceTree = SOURCE_ROOT; };
/* End PBXFileReference section */

/* Begin PBXFrameworksBuildPhase section */
		700C751A2A807C0F00D0C21A /* Frameworks */ = {
			isa = PBXFrameworksBuildPhase;
			buildActionMask = 2147483647;
			files = (
			);
			runOnlyForDeploymentPostprocessing = 0;
		};
		701AF8152A69211C005023A7 /* Frameworks */ = {
			isa = PBXFrameworksBuildPhase;
			buildActionMask = 2147483647;
			files = (
			);
			runOnlyForDeploymentPostprocessing = 0;
		};
		70ABC3C42A81371D00277D06 /* Frameworks */ = {
			isa = PBXFrameworksBuildPhase;
			buildActionMask = 2147483647;
			files = (
			);
			runOnlyForDeploymentPostprocessing = 0;
		};
/* End PBXFrameworksBuildPhase section */

/* Begin PBXGroup section */
		700C75122A7F80F900D0C21A /* SidebarView */ = {
			isa = PBXGroup;
			children = (
				701AF8342A6A2F96005023A7 /* Filter.swift */,
				701AF8302A6A2BDD005023A7 /* SidebarView.swift */,
				7031167B2A7BF869005B35F8 /* SidebarViewToolbar.swift */,
				703116832A7CA061005B35F8 /* SmartFilterRow.swift */,
				703116852A7CA295005B35F8 /* UserFilterRow.swift */,
			);
			path = SidebarView;
			sourceTree = "<group>";
		};
		700C75132A7F810C00D0C21A /* ContentView */ = {
			isa = PBXGroup;
			children = (
				701AF81D2A69211C005023A7 /* ContentView.swift */,
				7031167F2A7C9138005B35F8 /* ContentViewToolbar.swift */,
				7039DD432A6E171200626306 /* IssueRow.swift */,
			);
			path = ContentView;
			sourceTree = "<group>";
		};
		700C75142A7F811800D0C21A /* DetailView */ = {
			isa = PBXGroup;
			children = (
				701AF8322A6A2BE2005023A7 /* DetailView.swift */,
				7039DD472A6E49D700626306 /* NoIssueView.swift */,
				7039DD452A6E49CF00626306 /* IssueView.swift */,
				703116812A7C98BB005B35F8 /* TagsMenuView.swift */,
				7031167D2A7C8ECD005B35F8 /* IssueViewToolbar.swift */,
			);
			path = DetailView;
			sourceTree = "<group>";
		};
		700C75152A7F812900D0C21A /* AwardsView */ = {
			isa = PBXGroup;
			children = (
				7039DD502A7563DC00626306 /* Award.swift */,
				7039DD522A75647900626306 /* AwardsView.swift */,
				703116792A7BA55A005B35F8 /* Awards.json */,
			);
			path = AwardsView;
			sourceTree = "<group>";
		};
		700C75162A7F813000D0C21A /* Configuration */ = {
			isa = PBXGroup;
			children = (
				701AF8212A69211D005023A7 /* Portfolio.entitlements */,
				701AF82A2A692588005023A7 /* Main.xcdatamodeld */,
				701AF82F2A698757005023A7 /* Info.plist */,
			);
			path = Configuration;
			sourceTree = "<group>";
		};
		700C75172A7F817200D0C21A /* Extensions */ = {
			isa = PBXGroup;
			children = (
				7039DD4C2A75585C00626306 /* Bundle-Decodable.swift */,
				701AF8362A6ACE71005023A7 /* Issue-CoreDataHelpers.swift */,
				701AF8382A6B5620005023A7 /* Tag-CoreDataHelpers.swift */,
			);
			path = Extensions;
			sourceTree = "<group>";
		};
		700C75182A7F818000D0C21A /* Localization */ = {
			isa = PBXGroup;
			children = (
				703116712A7B8C40005B35F8 /* Localizable.stringsdict */,
				703116752A7BA397005B35F8 /* Localizable.strings */,
			);
			path = Localization;
			sourceTree = "<group>";
		};
		700C751E2A807C0F00D0C21A /* PortfolioUnitTests */ = {
			isa = PBXGroup;
			children = (
				700C75312A80CDD900D0C21A /* Fixtures */,
				700C75282A807E3800D0C21A /* TestPlan.xctestplan */,
				700C752D2A80AF7600D0C21A /* DevelopmentTests.swift */,
				70ABC3D22A835F2000277D06 /* AwardTests.swift */,
				700C752F2A80BCB000D0C21A /* ExtensionTests.swift */,
				70ABC3C12A80E92400277D06 /* PerformanceTests.swift */,
				700C75292A80888200D0C21A /* TagTests.swift */,
				700C75262A807D5A00D0C21A /* AssetTests.swift */,
				700C751F2A807C0F00D0C21A /* PortfolioTests.swift */,
			);
			path = PortfolioUnitTests;
			sourceTree = "<group>";
		};
		700C75312A80CDD900D0C21A /* Fixtures */ = {
			isa = PBXGroup;
			children = (
				700C75322A80CE5C00D0C21A /* DecodableDictionary.json */,
				700C75332A80CE9900D0C21A /* DecodableString.json */,
			);
			path = Fixtures;
			sourceTree = "<group>";
		};
		701AF80F2A69211C005023A7 = {
			isa = PBXGroup;
			children = (
				701AF81A2A69211C005023A7 /* Portfolio */,
				700C751E2A807C0F00D0C21A /* PortfolioUnitTests */,
				70ABC3C82A81371D00277D06 /* PortfolioUITests */,
				701AF8192A69211C005023A7 /* Products */,
			);
			sourceTree = "<group>";
		};
		701AF8192A69211C005023A7 /* Products */ = {
			isa = PBXGroup;
			children = (
				701AF8182A69211C005023A7 /* Portfolio.app */,
				700C751D2A807C0F00D0C21A /* PortfolioTests.xctest */,
				70ABC3C72A81371D00277D06 /* PortfolioUITests.xctest */,
			);
			name = Products;
			sourceTree = "<group>";
		};
		701AF81A2A69211C005023A7 /* Portfolio */ = {
			isa = PBXGroup;
			children = (
				701AF81B2A69211C005023A7 /* PortfolioApp.swift */,
				701AF82D2A6975A3005023A7 /* DataController.swift */,
				700C75182A7F818000D0C21A /* Localization */,
				700C75172A7F817200D0C21A /* Extensions */,
				700C75162A7F813000D0C21A /* Configuration */,
				700C75152A7F812900D0C21A /* AwardsView */,
				700C75142A7F811800D0C21A /* DetailView */,
				700C75132A7F810C00D0C21A /* ContentView */,
				700C75122A7F80F900D0C21A /* SidebarView */,
				701AF81F2A69211D005023A7 /* Assets.xcassets */,
				701AF8222A69211D005023A7 /* Preview Content */,
			);
			path = Portfolio;
			sourceTree = "<group>";
		};
		701AF8222A69211D005023A7 /* Preview Content */ = {
			isa = PBXGroup;
			children = (
				701AF8232A69211D005023A7 /* Preview Assets.xcassets */,
			);
			path = "Preview Content";
			sourceTree = "<group>";
		};
		70ABC3C82A81371D00277D06 /* PortfolioUITests */ = {
			isa = PBXGroup;
			children = (
				70ABC3C92A81371D00277D06 /* PortfolioUITests.swift */,
			);
			path = PortfolioUITests;
			sourceTree = "<group>";
		};
/* End PBXGroup section */

/* Begin PBXNativeTarget section */
		700C751C2A807C0F00D0C21A /* PortfolioTests */ = {
			isa = PBXNativeTarget;
			buildConfigurationList = 700C75232A807C0F00D0C21A /* Build configuration list for PBXNativeTarget "PortfolioTests" */;
			buildPhases = (
				700C75192A807C0F00D0C21A /* Sources */,
				700C751A2A807C0F00D0C21A /* Frameworks */,
				700C751B2A807C0F00D0C21A /* Resources */,
			);
			buildRules = (
			);
			dependencies = (
				700C75222A807C0F00D0C21A /* PBXTargetDependency */,
			);
			name = PortfolioTests;
			productName = PortfolioTests;
			productReference = 700C751D2A807C0F00D0C21A /* PortfolioTests.xctest */;
			productType = "com.apple.product-type.bundle.unit-test";
		};
		701AF8172A69211C005023A7 /* Portfolio */ = {
			isa = PBXNativeTarget;
			buildConfigurationList = 701AF8272A69211D005023A7 /* Build configuration list for PBXNativeTarget "Portfolio" */;
			buildPhases = (
				701AF8142A69211C005023A7 /* Sources */,
				701AF8152A69211C005023A7 /* Frameworks */,
				701AF8162A69211C005023A7 /* Resources */,
			);
			buildRules = (
			);
			dependencies = (
			);
			name = Portfolio;
			productName = Portfolio;
			productReference = 701AF8182A69211C005023A7 /* Portfolio.app */;
			productType = "com.apple.product-type.application";
		};
		70ABC3C62A81371D00277D06 /* PortfolioUITests */ = {
			isa = PBXNativeTarget;
			buildConfigurationList = 70ABC3CF2A81371D00277D06 /* Build configuration list for PBXNativeTarget "PortfolioUITests" */;
			buildPhases = (
				70ABC3C32A81371D00277D06 /* Sources */,
				70ABC3C42A81371D00277D06 /* Frameworks */,
				70ABC3C52A81371D00277D06 /* Resources */,
			);
			buildRules = (
			);
			dependencies = (
				70ABC3CE2A81371D00277D06 /* PBXTargetDependency */,
			);
			name = PortfolioUITests;
			productName = PortfolioUITests;
			productReference = 70ABC3C72A81371D00277D06 /* PortfolioUITests.xctest */;
			productType = "com.apple.product-type.bundle.ui-testing";
		};
/* End PBXNativeTarget section */

/* Begin PBXProject section */
		701AF8102A69211C005023A7 /* Project object */ = {
			isa = PBXProject;
			attributes = {
				BuildIndependentTargetsInParallel = 1;
				LastSwiftUpdateCheck = 1420;
				LastUpgradeCheck = 1420;
				TargetAttributes = {
					700C751C2A807C0F00D0C21A = {
						CreatedOnToolsVersion = 14.2;
						TestTargetID = 701AF8172A69211C005023A7;
					};
					701AF8172A69211C005023A7 = {
						CreatedOnToolsVersion = 14.2;
					};
					70ABC3C62A81371D00277D06 = {
						CreatedOnToolsVersion = 14.2;
						TestTargetID = 701AF8172A69211C005023A7;
					};
				};
			};
			buildConfigurationList = 701AF8132A69211C005023A7 /* Build configuration list for PBXProject "Portfolio" */;
			compatibilityVersion = "Xcode 14.0";
			developmentRegion = en;
			hasScannedForEncodings = 0;
			knownRegions = (
				en,
				Base,
				ja,
			);
			mainGroup = 701AF80F2A69211C005023A7;
			productRefGroup = 701AF8192A69211C005023A7 /* Products */;
			projectDirPath = "";
			projectRoot = "";
			targets = (
				701AF8172A69211C005023A7 /* Portfolio */,
				700C751C2A807C0F00D0C21A /* PortfolioTests */,
				70ABC3C62A81371D00277D06 /* PortfolioUITests */,
			);
		};
/* End PBXProject section */

/* Begin PBXResourcesBuildPhase section */
		700C751B2A807C0F00D0C21A /* Resources */ = {
			isa = PBXResourcesBuildPhase;
			buildActionMask = 2147483647;
			files = (
				70ABC3BF2A80DE3500277D06 /* DecodableString.json in Resources */,
				70ABC3C02A80DE3900277D06 /* DecodableDictionary.json in Resources */,
			);
			runOnlyForDeploymentPostprocessing = 0;
		};
		701AF8162A69211C005023A7 /* Resources */ = {
			isa = PBXResourcesBuildPhase;
			buildActionMask = 2147483647;
			files = (
				701AF8242A69211D005023A7 /* Preview Assets.xcassets in Resources */,
				703116732A7BA397005B35F8 /* Localizable.strings in Resources */,
				703116772A7BA55A005B35F8 /* Awards.json in Resources */,
				703116722A7B8C40005B35F8 /* Localizable.stringsdict in Resources */,
				701AF8202A69211D005023A7 /* Assets.xcassets in Resources */,
			);
			runOnlyForDeploymentPostprocessing = 0;
		};
		70ABC3C52A81371D00277D06 /* Resources */ = {
			isa = PBXResourcesBuildPhase;
			buildActionMask = 2147483647;
			files = (
			);
			runOnlyForDeploymentPostprocessing = 0;
		};
/* End PBXResourcesBuildPhase section */

/* Begin PBXSourcesBuildPhase section */
		700C75192A807C0F00D0C21A /* Sources */ = {
			isa = PBXSourcesBuildPhase;
			buildActionMask = 2147483647;
			files = (
				70ABC3C22A80E92400277D06 /* PerformanceTests.swift in Sources */,
				700C75272A807D5A00D0C21A /* AssetTests.swift in Sources */,
				700C752A2A80888200D0C21A /* TagTests.swift in Sources */,
				700C75302A80BCB000D0C21A /* ExtensionTests.swift in Sources */,
				70ABC3D32A835F2000277D06 /* AwardTests.swift in Sources */,
				700C75202A807C0F00D0C21A /* PortfolioTests.swift in Sources */,
				700C752E2A80AF7600D0C21A /* DevelopmentTests.swift in Sources */,
			);
			runOnlyForDeploymentPostprocessing = 0;
		};
		701AF8142A69211C005023A7 /* Sources */ = {
			isa = PBXSourcesBuildPhase;
			buildActionMask = 2147483647;
			files = (
				701AF8352A6A2F96005023A7 /* Filter.swift in Sources */,
				703116822A7C98BB005B35F8 /* TagsMenuView.swift in Sources */,
				7039DD512A7563DC00626306 /* Award.swift in Sources */,
				7031167E2A7C8ECD005B35F8 /* IssueViewToolbar.swift in Sources */,
				703116842A7CA061005B35F8 /* SmartFilterRow.swift in Sources */,
				7039DD532A75647900626306 /* AwardsView.swift in Sources */,
				701AF8392A6B5620005023A7 /* Tag-CoreDataHelpers.swift in Sources */,
				701AF82C2A692588005023A7 /* Main.xcdatamodeld in Sources */,
				701AF8372A6ACE71005023A7 /* Issue-CoreDataHelpers.swift in Sources */,
				7039DD4D2A75585C00626306 /* Bundle-Decodable.swift in Sources */,
				701AF8332A6A2BE2005023A7 /* DetailView.swift in Sources */,
				701AF82E2A6975A3005023A7 /* DataController.swift in Sources */,
				703116802A7C9138005B35F8 /* ContentViewToolbar.swift in Sources */,
				701AF8312A6A2BDD005023A7 /* SidebarView.swift in Sources */,
				701AF81E2A69211C005023A7 /* ContentView.swift in Sources */,
				7031167C2A7BF869005B35F8 /* SidebarViewToolbar.swift in Sources */,
				7039DD462A6E49CF00626306 /* IssueView.swift in Sources */,
				703116862A7CA295005B35F8 /* UserFilterRow.swift in Sources */,
				7039DD482A6E49D700626306 /* NoIssueView.swift in Sources */,
				7039DD442A6E171200626306 /* IssueRow.swift in Sources */,
				701AF81C2A69211C005023A7 /* PortfolioApp.swift in Sources */,
			);
			runOnlyForDeploymentPostprocessing = 0;
		};
		70ABC3C32A81371D00277D06 /* Sources */ = {
			isa = PBXSourcesBuildPhase;
			buildActionMask = 2147483647;
			files = (
				70ABC3CA2A81371D00277D06 /* PortfolioUITests.swift in Sources */,
			);
			runOnlyForDeploymentPostprocessing = 0;
		};
/* End PBXSourcesBuildPhase section */

/* Begin PBXTargetDependency section */
		700C75222A807C0F00D0C21A /* PBXTargetDependency */ = {
			isa = PBXTargetDependency;
			target = 701AF8172A69211C005023A7 /* Portfolio */;
			targetProxy = 700C75212A807C0F00D0C21A /* PBXContainerItemProxy */;
		};
		70ABC3CE2A81371D00277D06 /* PBXTargetDependency */ = {
			isa = PBXTargetDependency;
			target = 701AF8172A69211C005023A7 /* Portfolio */;
			targetProxy = 70ABC3CD2A81371D00277D06 /* PBXContainerItemProxy */;
		};
/* End PBXTargetDependency section */

/* Begin PBXVariantGroup section */
		703116752A7BA397005B35F8 /* Localizable.strings */ = {
			isa = PBXVariantGroup;
			children = (
				703116742A7BA397005B35F8 /* en */,
				703116762A7BA3F9005B35F8 /* ja */,
			);
			name = Localizable.strings;
			sourceTree = "<group>";
		};
		703116792A7BA55A005B35F8 /* Awards.json */ = {
			isa = PBXVariantGroup;
			children = (
				703116782A7BA55A005B35F8 /* en */,
				7031167A2A7BA565005B35F8 /* ja */,
			);
			name = Awards.json;
			sourceTree = "<group>";
		};
/* End PBXVariantGroup section */

/* Begin XCBuildConfiguration section */
		700C75242A807C0F00D0C21A /* Debug */ = {
			isa = XCBuildConfiguration;
			buildSettings = {
				BUNDLE_LOADER = "$(TEST_HOST)";
				CODE_SIGN_STYLE = Automatic;
				CURRENT_PROJECT_VERSION = 1;
				DEVELOPMENT_TEAM = JUM8RAT5F8;
				GENERATE_INFOPLIST_FILE = YES;
				IPHONEOS_DEPLOYMENT_TARGET = 16.2;
				MARKETING_VERSION = 1.0;
				PRODUCT_BUNDLE_IDENTIFIER = oimasato.com.PortfolioTests;
				PRODUCT_NAME = "$(TARGET_NAME)";
				SDKROOT = iphoneos;
				SWIFT_EMIT_LOC_STRINGS = NO;
				SWIFT_VERSION = 5.0;
				TARGETED_DEVICE_FAMILY = "1,2";
				TEST_HOST = "$(BUILT_PRODUCTS_DIR)/Portfolio.app/$(BUNDLE_EXECUTABLE_FOLDER_PATH)/Portfolio";
			};
			name = Debug;
		};
		700C75252A807C0F00D0C21A /* Release */ = {
			isa = XCBuildConfiguration;
			buildSettings = {
				BUNDLE_LOADER = "$(TEST_HOST)";
				CODE_SIGN_STYLE = Automatic;
				CURRENT_PROJECT_VERSION = 1;
				DEVELOPMENT_TEAM = JUM8RAT5F8;
				GENERATE_INFOPLIST_FILE = YES;
				IPHONEOS_DEPLOYMENT_TARGET = 16.2;
				MARKETING_VERSION = 1.0;
				PRODUCT_BUNDLE_IDENTIFIER = oimasato.com.PortfolioTests;
				PRODUCT_NAME = "$(TARGET_NAME)";
				SDKROOT = iphoneos;
				SWIFT_EMIT_LOC_STRINGS = NO;
				SWIFT_VERSION = 5.0;
				TARGETED_DEVICE_FAMILY = "1,2";
				TEST_HOST = "$(BUILT_PRODUCTS_DIR)/Portfolio.app/$(BUNDLE_EXECUTABLE_FOLDER_PATH)/Portfolio";
				VALIDATE_PRODUCT = YES;
			};
			name = Release;
		};
		701AF8252A69211D005023A7 /* Debug */ = {
			isa = XCBuildConfiguration;
			buildSettings = {
				ALWAYS_SEARCH_USER_PATHS = NO;
				CLANG_ANALYZER_NONNULL = YES;
				CLANG_ANALYZER_NUMBER_OBJECT_CONVERSION = YES_AGGRESSIVE;
				CLANG_CXX_LANGUAGE_STANDARD = "gnu++20";
				CLANG_ENABLE_MODULES = YES;
				CLANG_ENABLE_OBJC_ARC = YES;
				CLANG_ENABLE_OBJC_WEAK = YES;
				CLANG_WARN_BLOCK_CAPTURE_AUTORELEASING = YES;
				CLANG_WARN_BOOL_CONVERSION = YES;
				CLANG_WARN_COMMA = YES;
				CLANG_WARN_CONSTANT_CONVERSION = YES;
				CLANG_WARN_DEPRECATED_OBJC_IMPLEMENTATIONS = YES;
				CLANG_WARN_DIRECT_OBJC_ISA_USAGE = YES_ERROR;
				CLANG_WARN_DOCUMENTATION_COMMENTS = YES;
				CLANG_WARN_EMPTY_BODY = YES;
				CLANG_WARN_ENUM_CONVERSION = YES;
				CLANG_WARN_INFINITE_RECURSION = YES;
				CLANG_WARN_INT_CONVERSION = YES;
				CLANG_WARN_NON_LITERAL_NULL_CONVERSION = YES;
				CLANG_WARN_OBJC_IMPLICIT_RETAIN_SELF = YES;
				CLANG_WARN_OBJC_LITERAL_CONVERSION = YES;
				CLANG_WARN_OBJC_ROOT_CLASS = YES_ERROR;
				CLANG_WARN_QUOTED_INCLUDE_IN_FRAMEWORK_HEADER = YES;
				CLANG_WARN_RANGE_LOOP_ANALYSIS = YES;
				CLANG_WARN_STRICT_PROTOTYPES = YES;
				CLANG_WARN_SUSPICIOUS_MOVE = YES;
				CLANG_WARN_UNGUARDED_AVAILABILITY = YES_AGGRESSIVE;
				CLANG_WARN_UNREACHABLE_CODE = YES;
				CLANG_WARN__DUPLICATE_METHOD_MATCH = YES;
				COPY_PHASE_STRIP = NO;
				DEBUG_INFORMATION_FORMAT = dwarf;
				ENABLE_STRICT_OBJC_MSGSEND = YES;
				ENABLE_TESTABILITY = YES;
				GCC_C_LANGUAGE_STANDARD = gnu11;
				GCC_DYNAMIC_NO_PIC = NO;
				GCC_NO_COMMON_BLOCKS = YES;
				GCC_OPTIMIZATION_LEVEL = 0;
				GCC_PREPROCESSOR_DEFINITIONS = (
					"DEBUG=1",
					"$(inherited)",
				);
				GCC_WARN_64_TO_32_BIT_CONVERSION = YES;
				GCC_WARN_ABOUT_RETURN_TYPE = YES_ERROR;
				GCC_WARN_UNDECLARED_SELECTOR = YES;
				GCC_WARN_UNINITIALIZED_AUTOS = YES_AGGRESSIVE;
				GCC_WARN_UNUSED_FUNCTION = YES;
				GCC_WARN_UNUSED_VARIABLE = YES;
				MTL_ENABLE_DEBUG_INFO = INCLUDE_SOURCE;
				MTL_FAST_MATH = YES;
				ONLY_ACTIVE_ARCH = YES;
				SWIFT_ACTIVE_COMPILATION_CONDITIONS = DEBUG;
				SWIFT_OPTIMIZATION_LEVEL = "-Onone";
			};
			name = Debug;
		};
		701AF8262A69211D005023A7 /* Release */ = {
			isa = XCBuildConfiguration;
			buildSettings = {
				ALWAYS_SEARCH_USER_PATHS = NO;
				CLANG_ANALYZER_NONNULL = YES;
				CLANG_ANALYZER_NUMBER_OBJECT_CONVERSION = YES_AGGRESSIVE;
				CLANG_CXX_LANGUAGE_STANDARD = "gnu++20";
				CLANG_ENABLE_MODULES = YES;
				CLANG_ENABLE_OBJC_ARC = YES;
				CLANG_ENABLE_OBJC_WEAK = YES;
				CLANG_WARN_BLOCK_CAPTURE_AUTORELEASING = YES;
				CLANG_WARN_BOOL_CONVERSION = YES;
				CLANG_WARN_COMMA = YES;
				CLANG_WARN_CONSTANT_CONVERSION = YES;
				CLANG_WARN_DEPRECATED_OBJC_IMPLEMENTATIONS = YES;
				CLANG_WARN_DIRECT_OBJC_ISA_USAGE = YES_ERROR;
				CLANG_WARN_DOCUMENTATION_COMMENTS = YES;
				CLANG_WARN_EMPTY_BODY = YES;
				CLANG_WARN_ENUM_CONVERSION = YES;
				CLANG_WARN_INFINITE_RECURSION = YES;
				CLANG_WARN_INT_CONVERSION = YES;
				CLANG_WARN_NON_LITERAL_NULL_CONVERSION = YES;
				CLANG_WARN_OBJC_IMPLICIT_RETAIN_SELF = YES;
				CLANG_WARN_OBJC_LITERAL_CONVERSION = YES;
				CLANG_WARN_OBJC_ROOT_CLASS = YES_ERROR;
				CLANG_WARN_QUOTED_INCLUDE_IN_FRAMEWORK_HEADER = YES;
				CLANG_WARN_RANGE_LOOP_ANALYSIS = YES;
				CLANG_WARN_STRICT_PROTOTYPES = YES;
				CLANG_WARN_SUSPICIOUS_MOVE = YES;
				CLANG_WARN_UNGUARDED_AVAILABILITY = YES_AGGRESSIVE;
				CLANG_WARN_UNREACHABLE_CODE = YES;
				CLANG_WARN__DUPLICATE_METHOD_MATCH = YES;
				COPY_PHASE_STRIP = NO;
				DEBUG_INFORMATION_FORMAT = "dwarf-with-dsym";
				ENABLE_NS_ASSERTIONS = NO;
				ENABLE_STRICT_OBJC_MSGSEND = YES;
				GCC_C_LANGUAGE_STANDARD = gnu11;
				GCC_NO_COMMON_BLOCKS = YES;
				GCC_WARN_64_TO_32_BIT_CONVERSION = YES;
				GCC_WARN_ABOUT_RETURN_TYPE = YES_ERROR;
				GCC_WARN_UNDECLARED_SELECTOR = YES;
				GCC_WARN_UNINITIALIZED_AUTOS = YES_AGGRESSIVE;
				GCC_WARN_UNUSED_FUNCTION = YES;
				GCC_WARN_UNUSED_VARIABLE = YES;
				MTL_ENABLE_DEBUG_INFO = NO;
				MTL_FAST_MATH = YES;
				SWIFT_COMPILATION_MODE = wholemodule;
				SWIFT_OPTIMIZATION_LEVEL = "-O";
			};
			name = Release;
		};
		701AF8282A69211D005023A7 /* Debug */ = {
			isa = XCBuildConfiguration;
			buildSettings = {
				ASSETCATALOG_COMPILER_APPICON_NAME = AppIcon;
				ASSETCATALOG_COMPILER_GLOBAL_ACCENT_COLOR_NAME = AccentColor;
				CODE_SIGN_ENTITLEMENTS = Portfolio/Configuration/Portfolio.entitlements;
				CODE_SIGN_STYLE = Automatic;
				CURRENT_PROJECT_VERSION = 1;
				DEVELOPMENT_ASSET_PATHS = "\"Portfolio/Preview Content\"";
				DEVELOPMENT_TEAM = JUM8RAT5F8;
				ENABLE_HARDENED_RUNTIME = YES;
				ENABLE_PREVIEWS = YES;
				GENERATE_INFOPLIST_FILE = YES;
				INFOPLIST_FILE = Portfolio/Configuration/Info.plist;
				"INFOPLIST_KEY_UIApplicationSceneManifest_Generation[sdk=iphoneos*]" = YES;
				"INFOPLIST_KEY_UIApplicationSceneManifest_Generation[sdk=iphonesimulator*]" = YES;
				"INFOPLIST_KEY_UIApplicationSupportsIndirectInputEvents[sdk=iphoneos*]" = YES;
				"INFOPLIST_KEY_UIApplicationSupportsIndirectInputEvents[sdk=iphonesimulator*]" = YES;
				"INFOPLIST_KEY_UILaunchScreen_Generation[sdk=iphoneos*]" = YES;
				"INFOPLIST_KEY_UILaunchScreen_Generation[sdk=iphonesimulator*]" = YES;
				"INFOPLIST_KEY_UIStatusBarStyle[sdk=iphoneos*]" = UIStatusBarStyleDefault;
				"INFOPLIST_KEY_UIStatusBarStyle[sdk=iphonesimulator*]" = UIStatusBarStyleDefault;
				INFOPLIST_KEY_UISupportedInterfaceOrientations_iPad = "UIInterfaceOrientationPortrait UIInterfaceOrientationPortraitUpsideDown UIInterfaceOrientationLandscapeLeft UIInterfaceOrientationLandscapeRight";
				INFOPLIST_KEY_UISupportedInterfaceOrientations_iPhone = "UIInterfaceOrientationPortrait UIInterfaceOrientationLandscapeLeft UIInterfaceOrientationLandscapeRight";
				IPHONEOS_DEPLOYMENT_TARGET = 16.2;
				LD_RUNPATH_SEARCH_PATHS = "@executable_path/Frameworks";
				"LD_RUNPATH_SEARCH_PATHS[sdk=macosx*]" = "@executable_path/../Frameworks";
				MACOSX_DEPLOYMENT_TARGET = 13.0;
				MARKETING_VERSION = 1.0;
				PRODUCT_BUNDLE_IDENTIFIER = oimasato.com.Portfolio;
				PRODUCT_NAME = "$(TARGET_NAME)";
				SDKROOT = auto;
				SUPPORTED_PLATFORMS = "iphoneos iphonesimulator macosx";
				SWIFT_EMIT_LOC_STRINGS = YES;
				SWIFT_VERSION = 5.0;
				TARGETED_DEVICE_FAMILY = "1,2";
			};
			name = Debug;
		};
		701AF8292A69211D005023A7 /* Release */ = {
			isa = XCBuildConfiguration;
			buildSettings = {
				ASSETCATALOG_COMPILER_APPICON_NAME = AppIcon;
				ASSETCATALOG_COMPILER_GLOBAL_ACCENT_COLOR_NAME = AccentColor;
				CODE_SIGN_ENTITLEMENTS = Portfolio/Configuration/Portfolio.entitlements;
				CODE_SIGN_STYLE = Automatic;
				CURRENT_PROJECT_VERSION = 1;
				DEVELOPMENT_ASSET_PATHS = "\"Portfolio/Preview Content\"";
				DEVELOPMENT_TEAM = JUM8RAT5F8;
				ENABLE_HARDENED_RUNTIME = YES;
				ENABLE_PREVIEWS = YES;
				GENERATE_INFOPLIST_FILE = YES;
				INFOPLIST_FILE = Portfolio/Configuration/Info.plist;
				"INFOPLIST_KEY_UIApplicationSceneManifest_Generation[sdk=iphoneos*]" = YES;
				"INFOPLIST_KEY_UIApplicationSceneManifest_Generation[sdk=iphonesimulator*]" = YES;
				"INFOPLIST_KEY_UIApplicationSupportsIndirectInputEvents[sdk=iphoneos*]" = YES;
				"INFOPLIST_KEY_UIApplicationSupportsIndirectInputEvents[sdk=iphonesimulator*]" = YES;
				"INFOPLIST_KEY_UILaunchScreen_Generation[sdk=iphoneos*]" = YES;
				"INFOPLIST_KEY_UILaunchScreen_Generation[sdk=iphonesimulator*]" = YES;
				"INFOPLIST_KEY_UIStatusBarStyle[sdk=iphoneos*]" = UIStatusBarStyleDefault;
				"INFOPLIST_KEY_UIStatusBarStyle[sdk=iphonesimulator*]" = UIStatusBarStyleDefault;
				INFOPLIST_KEY_UISupportedInterfaceOrientations_iPad = "UIInterfaceOrientationPortrait UIInterfaceOrientationPortraitUpsideDown UIInterfaceOrientationLandscapeLeft UIInterfaceOrientationLandscapeRight";
				INFOPLIST_KEY_UISupportedInterfaceOrientations_iPhone = "UIInterfaceOrientationPortrait UIInterfaceOrientationLandscapeLeft UIInterfaceOrientationLandscapeRight";
				IPHONEOS_DEPLOYMENT_TARGET = 16.2;
				LD_RUNPATH_SEARCH_PATHS = "@executable_path/Frameworks";
				"LD_RUNPATH_SEARCH_PATHS[sdk=macosx*]" = "@executable_path/../Frameworks";
				MACOSX_DEPLOYMENT_TARGET = 13.0;
				MARKETING_VERSION = 1.0;
				PRODUCT_BUNDLE_IDENTIFIER = oimasato.com.Portfolio;
				PRODUCT_NAME = "$(TARGET_NAME)";
				SDKROOT = auto;
				SUPPORTED_PLATFORMS = "iphoneos iphonesimulator macosx";
				SWIFT_EMIT_LOC_STRINGS = YES;
				SWIFT_VERSION = 5.0;
				TARGETED_DEVICE_FAMILY = "1,2";
			};
			name = Release;
		};
		70ABC3D02A81371D00277D06 /* Debug */ = {
			isa = XCBuildConfiguration;
			buildSettings = {
				CODE_SIGN_STYLE = Automatic;
				CURRENT_PROJECT_VERSION = 1;
				DEVELOPMENT_TEAM = JUM8RAT5F8;
				GENERATE_INFOPLIST_FILE = YES;
				IPHONEOS_DEPLOYMENT_TARGET = 16.2;
				MARKETING_VERSION = 1.0;
				PRODUCT_BUNDLE_IDENTIFIER = oimasato.com.PortfolioUITests;
				PRODUCT_NAME = "$(TARGET_NAME)";
				SDKROOT = iphoneos;
				SWIFT_EMIT_LOC_STRINGS = NO;
				SWIFT_VERSION = 5.0;
				TARGETED_DEVICE_FAMILY = "1,2";
				TEST_TARGET_NAME = Portfolio;
			};
			name = Debug;
		};
		70ABC3D12A81371D00277D06 /* Release */ = {
			isa = XCBuildConfiguration;
			buildSettings = {
				CODE_SIGN_STYLE = Automatic;
				CURRENT_PROJECT_VERSION = 1;
				DEVELOPMENT_TEAM = JUM8RAT5F8;
				GENERATE_INFOPLIST_FILE = YES;
				IPHONEOS_DEPLOYMENT_TARGET = 16.2;
				MARKETING_VERSION = 1.0;
				PRODUCT_BUNDLE_IDENTIFIER = oimasato.com.PortfolioUITests;
				PRODUCT_NAME = "$(TARGET_NAME)";
				SDKROOT = iphoneos;
				SWIFT_EMIT_LOC_STRINGS = NO;
				SWIFT_VERSION = 5.0;
				TARGETED_DEVICE_FAMILY = "1,2";
				TEST_TARGET_NAME = Portfolio;
				VALIDATE_PRODUCT = YES;
			};
			name = Release;
		};
/* End XCBuildConfiguration section */

/* Begin XCConfigurationList section */
		700C75232A807C0F00D0C21A /* Build configuration list for PBXNativeTarget "PortfolioTests" */ = {
			isa = XCConfigurationList;
			buildConfigurations = (
				700C75242A807C0F00D0C21A /* Debug */,
				700C75252A807C0F00D0C21A /* Release */,
			);
			defaultConfigurationIsVisible = 0;
			defaultConfigurationName = Release;
		};
		701AF8132A69211C005023A7 /* Build configuration list for PBXProject "Portfolio" */ = {
			isa = XCConfigurationList;
			buildConfigurations = (
				701AF8252A69211D005023A7 /* Debug */,
				701AF8262A69211D005023A7 /* Release */,
			);
			defaultConfigurationIsVisible = 0;
			defaultConfigurationName = Release;
		};
		701AF8272A69211D005023A7 /* Build configuration list for PBXNativeTarget "Portfolio" */ = {
			isa = XCConfigurationList;
			buildConfigurations = (
				701AF8282A69211D005023A7 /* Debug */,
				701AF8292A69211D005023A7 /* Release */,
			);
			defaultConfigurationIsVisible = 0;
			defaultConfigurationName = Release;
		};
		70ABC3CF2A81371D00277D06 /* Build configuration list for PBXNativeTarget "PortfolioUITests" */ = {
			isa = XCConfigurationList;
			buildConfigurations = (
				70ABC3D02A81371D00277D06 /* Debug */,
				70ABC3D12A81371D00277D06 /* Release */,
			);
			defaultConfigurationIsVisible = 0;
			defaultConfigurationName = Release;
		};
/* End XCConfigurationList section */

/* Begin XCVersionGroup section */
		701AF82A2A692588005023A7 /* Main.xcdatamodeld */ = {
			isa = XCVersionGroup;
			children = (
				701AF82B2A692588005023A7 /* Main.xcdatamodel */,
			);
			currentVersion = 701AF82B2A692588005023A7 /* Main.xcdatamodel */;
			path = Main.xcdatamodeld;
			sourceTree = "<group>";
			versionGroupType = wrapper.xcdatamodel;
		};
/* End XCVersionGroup section */
	};
	rootObject = 701AF8102A69211C005023A7 /* Project object */;
}
